
Microsoft Visual Studio Solution File, Format Version 12.00
# Visual Studio Version 16
VisualStudioVersion = 16.0.31613.86
MinimumVisualStudioVersion = 10.0.40219.1
Project("{2150E333-8FDC-42A3-9474-1A3956D46DE8}") = "src", "src", "{E8710830-76BE-478E-812B-9E60D71A74C1}"
EndProject
Project("{2150E333-8FDC-42A3-9474-1A3956D46DE8}") = "tests", "tests", "{69830612-CB52-4FFD-A9BF-091DE234080C}"
EndProject
Project("{FAE04EC0-301F-11D3-BF4B-00C04F79EFBC}") = "Alura.LeilaoOnline.Core", "Alura.LeilaoOnline.Core\Alura.LeilaoOnline.Core.csproj", "{A224E77D-4B44-4C87-9E37-7E27C0405E5D}"
EndProject
Global
	GlobalSection(SolutionConfigurationPlatforms) = preSolution
		Debug|Any CPU = Debug|Any CPU
		Release|Any CPU = Release|Any CPU
	EndGlobalSection
	GlobalSection(ProjectConfigurationPlatforms) = postSolution
		{A224E77D-4B44-4C87-9E37-7E27C0405E5D}.Debug|Any CPU.ActiveCfg = Debug|Any CPU
		{A224E77D-4B44-4C87-9E37-7E27C0405E5D}.Debug|Any CPU.Build.0 = Debug|Any CPU
		{A224E77D-4B44-4C87-9E37-7E27C0405E5D}.Release|Any CPU.ActiveCfg = Release|Any CPU
		{A224E77D-4B44-4C87-9E37-7E27C0405E5D}.Release|Any CPU.Build.0 = Release|Any CPU
	EndGlobalSection
	GlobalSection(SolutionProperties) = preSolution
		HideSolutionNode = FALSE
	EndGlobalSection
	GlobalSection(NestedProjects) = preSolution
		{A224E77D-4B44-4C87-9E37-7E27C0405E5D} = {E8710830-76BE-478E-812B-9E60D71A74C1}
	EndGlobalSection
	GlobalSection(ExtensibilityGlobals) = postSolution
		SolutionGuid = {2C5C0660-2C5D-4FB7-BFF9-121C66054DDE}
	EndGlobalSection
EndGlobal
